// !$*UTF8*$!
{
	archiveVersion = 1;
	classes = {
	};
	objectVersion = 46;
	objects = {

/* Begin PBXBuildFile section */
		AC796503179FAB2500DBFD3A /* UIKit.framework in Frameworks */ = {isa = PBXBuildFile; fileRef = AC796502179FAB2500DBFD3A /* UIKit.framework */; };
		AC796505179FAB2500DBFD3A /* Foundation.framework in Frameworks */ = {isa = PBXBuildFile; fileRef = AC796504179FAB2500DBFD3A /* Foundation.framework */; };
		AC796507179FAB2500DBFD3A /* CoreGraphics.framework in Frameworks */ = {isa = PBXBuildFile; fileRef = AC796506179FAB2500DBFD3A /* CoreGraphics.framework */; };
		AC79650D179FAB2500DBFD3A /* InfoPlist.strings in Resources */ = {isa = PBXBuildFile; fileRef = AC79650B179FAB2500DBFD3A /* InfoPlist.strings */; };
		AC79650F179FAB2500DBFD3A /* main.m in Sources */ = {isa = PBXBuildFile; fileRef = AC79650E179FAB2500DBFD3A /* main.m */; };
		AC796513179FAB2500DBFD3A /* AppDelegate.m in Sources */ = {isa = PBXBuildFile; fileRef = AC796512179FAB2500DBFD3A /* AppDelegate.m */; };
		AC796515179FAB2500DBFD3A /* Default.png in Resources */ = {isa = PBXBuildFile; fileRef = AC796514179FAB2500DBFD3A /* Default.png */; };
		AC796517179FAB2500DBFD3A /* Default@2x.png in Resources */ = {isa = PBXBuildFile; fileRef = AC796516179FAB2500DBFD3A /* Default@2x.png */; };
		AC796519179FAB2500DBFD3A /* Default-568h@2x.png in Resources */ = {isa = PBXBuildFile; fileRef = AC796518179FAB2500DBFD3A /* Default-568h@2x.png */; };
		AC79651C179FAB2500DBFD3A /* MainStoryboard.storyboard in Resources */ = {isa = PBXBuildFile; fileRef = AC79651A179FAB2500DBFD3A /* MainStoryboard.storyboard */; };
		AC79651F179FAB2500DBFD3A /* ViewController.m in Sources */ = {isa = PBXBuildFile; fileRef = AC79651E179FAB2500DBFD3A /* ViewController.m */; };
		AC796527179FB28300DBFD3A /* MapViewController.m in Sources */ = {isa = PBXBuildFile; fileRef = AC796526179FB28300DBFD3A /* MapViewController.m */; };
		AC796529179FB37A00DBFD3A /* MapKit.framework in Frameworks */ = {isa = PBXBuildFile; fileRef = AC796528179FB37A00DBFD3A /* MapKit.framework */; };
/* End PBXBuildFile section */

/* Begin PBXFileReference section */
		AC7964FF179FAB2500DBFD3A /* MapFinder.app */ = {isa = PBXFileReference; explicitFileType = wrapper.application; includeInIndex = 0; path = MapFinder.app; sourceTree = BUILT_PRODUCTS_DIR; };
		AC796502179FAB2500DBFD3A /* UIKit.framework */ = {isa = PBXFileReference; lastKnownFileType = wrapper.framework; name = UIKit.framework; path = System/Library/Frameworks/UIKit.framework; sourceTree = SDKROOT; };
		AC796504179FAB2500DBFD3A /* Foundation.framework */ = {isa = PBXFileReference; lastKnownFileType = wrapper.framework; name = Foundation.framework; path = System/Library/Frameworks/Foundation.framework; sourceTree = SDKROOT; };
		AC796506179FAB2500DBFD3A /* CoreGraphics.framework */ = {isa = PBXFileReference; lastKnownFileType = wrapper.framework; name = CoreGraphics.framework; path = System/Library/Frameworks/CoreGraphics.framework; sourceTree = SDKROOT; };
		AC79650A179FAB2500DBFD3A /* MapFinder-Info.plist */ = {isa = PBXFileReference; lastKnownFileType = text.plist.xml; path = "MapFinder-Info.plist"; sourceTree = "<group>"; };
		AC79650C179FAB2500DBFD3A /* en */ = {isa = PBXFileReference; lastKnownFileType = text.plist.strings; name = en; path = en.lproj/InfoPlist.strings; sourceTree = "<group>"; };
		AC79650E179FAB2500DBFD3A /* main.m */ = {isa = PBXFileReference; lastKnownFileType = sourcecode.c.objc; path = main.m; sourceTree = "<group>"; };
		AC796510179FAB2500DBFD3A /* MapFinder-Prefix.pch */ = {isa = PBXFileReference; lastKnownFileType = sourcecode.c.h; path = "MapFinder-Prefix.pch"; sourceTree = "<group>"; };
		AC796511179FAB2500DBFD3A /* AppDelegate.h */ = {isa = PBXFileReference; lastKnownFileType = sourcecode.c.h; path = AppDelegate.h; sourceTree = "<group>"; };
		AC796512179FAB2500DBFD3A /* AppDelegate.m */ = {isa = PBXFileReference; lastKnownFileType = sourcecode.c.objc; path = AppDelegate.m; sourceTree = "<group>"; };
		AC796514179FAB2500DBFD3A /* Default.png */ = {isa = PBXFileReference; lastKnownFileType = image.png; path = Default.png; sourceTree = "<group>"; };
		AC796516179FAB2500DBFD3A /* Default@2x.png */ = {isa = PBXFileReference; lastKnownFileType = image.png; path = "Default@2x.png"; sourceTree = "<group>"; };
		AC796518179FAB2500DBFD3A /* Default-568h@2x.png */ = {isa = PBXFileReference; lastKnownFileType = image.png; path = "Default-568h@2x.png"; sourceTree = "<group>"; };
		AC79651B179FAB2500DBFD3A /* en */ = {isa = PBXFileReference; lastKnownFileType = file.storyboard; name = en; path = en.lproj/MainStoryboard.storyboard; sourceTree = "<group>"; };
		AC79651D179FAB2500DBFD3A /* ViewController.h */ = {isa = PBXFileReference; lastKnownFileType = sourcecode.c.h; path = ViewController.h; sourceTree = "<group>"; };
		AC79651E179FAB2500DBFD3A /* ViewController.m */ = {isa = PBXFileReference; lastKnownFileType = sourcecode.c.objc; path = ViewController.m; sourceTree = "<group>"; };
		AC796525179FB28300DBFD3A /* MapViewController.h */ = {isa = PBXFileReference; fileEncoding = 4; lastKnownFileType = sourcecode.c.h; path = MapViewController.h; sourceTree = "<group>"; };
		AC796526179FB28300DBFD3A /* MapViewController.m */ = {isa = PBXFileReference; fileEncoding = 4; lastKnownFileType = sourcecode.c.objc; path = MapViewController.m; sourceTree = "<group>"; };
		AC796528179FB37A00DBFD3A /* MapKit.framework */ = {isa = PBXFileReference; lastKnownFileType = wrapper.framework; name = MapKit.framework; path = System/Library/Frameworks/MapKit.framework; sourceTree = SDKROOT; };
/* End PBXFileReference section */

/* Begin PBXFrameworksBuildPhase section */
		AC7964FC179FAB2500DBFD3A /* Frameworks */ = {
			isa = PBXFrameworksBuildPhase;
			buildActionMask = 2147483647;
			files = (
				AC796529179FB37A00DBFD3A /* MapKit.framework in Frameworks */,
				AC796503179FAB2500DBFD3A /* UIKit.framework in Frameworks */,
				AC796505179FAB2500DBFD3A /* Foundation.framework in Frameworks */,
				AC796507179FAB2500DBFD3A /* CoreGraphics.framework in Frameworks */,
			);
			runOnlyForDeploymentPostprocessing = 0;
		};
/* End PBXFrameworksBuildPhase section */

/* Begin PBXGroup section */
		AC7964F6179FAB2400DBFD3A = {
			isa = PBXGroup;
			children = (
				AC796528179FB37A00DBFD3A /* MapKit.framework */,
				AC796508179FAB2500DBFD3A /* MapFinder */,
				AC796501179FAB2500DBFD3A /* Frameworks */,
				AC796500179FAB2500DBFD3A /* Products */,
			);
			sourceTree = "<group>";
		};
		AC796500179FAB2500DBFD3A /* Products */ = {
			isa = PBXGroup;
			children = (
				AC7964FF179FAB2500DBFD3A /* MapFinder.app */,
			);
			name = Products;
			sourceTree = "<group>";
		};
		AC796501179FAB2500DBFD3A /* Frameworks */ = {
			isa = PBXGroup;
			children = (
				AC796502179FAB2500DBFD3A /* UIKit.framework */,
				AC796504179FAB2500DBFD3A /* Foundation.framework */,
				AC796506179FAB2500DBFD3A /* CoreGraphics.framework */,
			);
			name = Frameworks;
			sourceTree = "<group>";
		};
		AC796508179FAB2500DBFD3A /* MapFinder */ = {
			isa = PBXGroup;
			children = (
				AC796511179FAB2500DBFD3A /* AppDelegate.h */,
				AC796512179FAB2500DBFD3A /* AppDelegate.m */,
				AC79651A179FAB2500DBFD3A /* MainStoryboard.storyboard */,
				AC796525179FB28300DBFD3A /* MapViewController.h */,
				AC796526179FB28300DBFD3A /* MapViewController.m */,
				AC79651D179FAB2500DBFD3A /* ViewController.h */,
				AC79651E179FAB2500DBFD3A /* ViewController.m */,
				AC796509179FAB2500DBFD3A /* Supporting Files */,
			);
			path = MapFinder;
			sourceTree = "<group>";
		};
		AC796509179FAB2500DBFD3A /* Supporting Files */ = {
			isa = PBXGroup;
			children = (
				AC79650A179FAB2500DBFD3A /* MapFinder-Info.plist */,
				AC79650B179FAB2500DBFD3A /* InfoPlist.strings */,
				AC79650E179FAB2500DBFD3A /* main.m */,
				AC796510179FAB2500DBFD3A /* MapFinder-Prefix.pch */,
				AC796514179FAB2500DBFD3A /* Default.png */,
				AC796516179FAB2500DBFD3A /* Default@2x.png */,
				AC796518179FAB2500DBFD3A /* Default-568h@2x.png */,
			);
			name = "Supporting Files";
			sourceTree = "<group>";
		};
/* End PBXGroup section */

/* Begin PBXNativeTarget section */
		AC7964FE179FAB2500DBFD3A /* MapFinder */ = {
			isa = PBXNativeTarget;
			buildConfigurationList = AC796522179FAB2500DBFD3A /* Build configuration list for PBXNativeTarget "MapFinder" */;
			buildPhases = (
				AC7964FB179FAB2500DBFD3A /* Sources */,
				AC7964FC179FAB2500DBFD3A /* Frameworks */,
				AC7964FD179FAB2500DBFD3A /* Resources */,
			);
			buildRules = (
			);
			dependencies = (
			);
			name = MapFinder;
			productName = MapFinder;
			productReference = AC7964FF179FAB2500DBFD3A /* MapFinder.app */;
			productType = "com.apple.product-type.application";
		};
/* End PBXNativeTarget section */

/* Begin PBXProject section */
		AC7964F7179FAB2500DBFD3A /* Project object */ = {
			isa = PBXProject;
			attributes = {
				LastUpgradeCheck = 0460;
				ORGANIZATIONNAME = Compassites;
			};
			buildConfigurationList = AC7964FA179FAB2500DBFD3A /* Build configuration list for PBXProject "MapFinder" */;
			compatibilityVersion = "Xcode 3.2";
			developmentRegion = English;
			hasScannedForEncodings = 0;
			knownRegions = (
				en,
			);
			mainGroup = AC7964F6179FAB2400DBFD3A;
			productRefGroup = AC796500179FAB2500DBFD3A /* Products */;
			projectDirPath = "";
			projectRoot = "";
			targets = (
				AC7964FE179FAB2500DBFD3A /* MapFinder */,
			);
		};
/* End PBXProject section */

/* Begin PBXResourcesBuildPhase section */
		AC7964FD179FAB2500DBFD3A /* Resources */ = {
			isa = PBXResourcesBuildPhase;
			buildActionMask = 2147483647;
			files = (
				AC79650D179FAB2500DBFD3A /* InfoPlist.strings in Resources */,
				AC796515179FAB2500DBFD3A /* Default.png in Resources */,
				AC796517179FAB2500DBFD3A /* Default@2x.png in Resources */,
				AC796519179FAB2500DBFD3A /* Default-568h@2x.png in Resources */,
				AC79651C179FAB2500DBFD3A /* MainStoryboard.storyboard in Resources */,
			);
			runOnlyForDeploymentPostprocessing = 0;
		};
/* End PBXResourcesBuildPhase section */

/* Begin PBXSourcesBuildPhase section */
		AC7964FB179FAB2500DBFD3A /* Sources */ = {
			isa = PBXSourcesBuildPhase;
			buildActionMask = 2147483647;
			files = (
				AC79650F179FAB2500DBFD3A /* main.m in Sources */,
				AC796513179FAB2500DBFD3A /* AppDelegate.m in Sources */,
				AC79651F179FAB2500DBFD3A /* ViewController.m in Sources */,
				AC796527179FB28300DBFD3A /* MapViewController.m in Sources */,
			);
			runOnlyForDeploymentPostprocessing = 0;
		};
/* End PBXSourcesBuildPhase section */

/* Begin PBXVariantGroup section */
		AC79650B179FAB2500DBFD3A /* InfoPlist.strings */ = {
			isa = PBXVariantGroup;
			children = (
				AC79650C179FAB2500DBFD3A /* en */,
			);
			name = InfoPlist.strings;
			sourceTree = "<group>";
		};
		AC79651A179FAB2500DBFD3A /* MainStoryboard.storyboard */ = {
			isa = PBXVariantGroup;
			children = (
				AC79651B179FAB2500DBFD3A /* en */,
			);
			name = MainStoryboard.storyboard;
			sourceTree = "<group>";
		};
/* End PBXVariantGroup section */

/* Begin XCBuildConfiguration section */
		AC796520179FAB2500DBFD3A /* Debug */ = {
			isa = XCBuildConfiguration;
			buildSettings = {
				ALWAYS_SEARCH_USER_PATHS = NO;
				CLANG_CXX_LANGUAGE_STANDARD = "gnu++0x";
				CLANG_CXX_LIBRARY = "libc++";
				CLANG_ENABLE_OBJC_ARC = YES;
				CLANG_WARN_CONSTANT_CONVERSION = YES;
				CLANG_WARN_EMPTY_BODY = YES;
				CLANG_WARN_ENUM_CONVERSION = YES;
				CLANG_WARN_INT_CONVERSION = YES;
				CLANG_WARN__DUPLICATE_METHOD_MATCH = YES;
				"CODE_SIGN_IDENTITY[sdk=iphoneos*]" = "iPhone Developer";
				COPY_PHASE_STRIP = NO;
				GCC_C_LANGUAGE_STANDARD = gnu99;
				GCC_DYNAMIC_NO_PIC = NO;
				GCC_OPTIMIZATION_LEVEL = 0;
				GCC_PREPROCESSOR_DEFINITIONS = (
					"DEBUG=1",
					"$(inherited)",
				);
				GCC_SYMBOLS_PRIVATE_EXTERN = NO;
				GCC_WARN_ABOUT_RETURN_TYPE = YES;
				GCC_WARN_UNINITIALIZED_AUTOS = YES;
				GCC_WARN_UNUSED_VARIABLE = YES;
				IPHONEOS_DEPLOYMENT_TARGET = 6.1;
				ONLY_ACTIVE_ARCH = YES;
				SDKROOT = iphoneos;
			};
			name = Debug;
		};
		AC796521179FAB2500DBFD3A /* Release */ = {
			isa = XCBuildConfiguration;
			buildSettings = {
				ALWAYS_SEARCH_USER_PATHS = NO;
				CLANG_CXX_LANGUAGE_STANDARD = "gnu++0x";
				CLANG_CXX_LIBRARY = "libc++";
				CLANG_ENABLE_OBJC_ARC = YES;
				CLANG_WARN_CONSTANT_CONVERSION = YES;
				CLANG_WARN_EMPTY_BODY = YES;
				CLANG_WARN_ENUM_CONVERSION = YES;
				CLANG_WARN_INT_CONVERSION = YES;
				CLANG_WARN__DUPLICATE_METHOD_MATCH = YES;
				"CODE_SIGN_IDENTITY[sdk=iphoneos*]" = "iPhone Developer";
				COPY_PHASE_STRIP = YES;
				GCC_C_LANGUAGE_STANDARD = gnu99;
				GCC_WARN_ABOUT_RETURN_TYPE = YES;
				GCC_WARN_UNINITIALIZED_AUTOS = YES;
				GCC_WARN_UNUSED_VARIABLE = YES;
				IPHONEOS_DEPLOYMENT_TARGET = 6.1;
				OTHER_CFLAGS = "-DNS_BLOCK_ASSERTIONS=1";
				SDKROOT = iphoneos;
				VALIDATE_PRODUCT = YES;
			};
			name = Release;
		};
		AC796523179FAB2500DBFD3A /* Debug */ = {
			isa = XCBuildConfiguration;
			buildSettings = {
				GCC_PRECOMPILE_PREFIX_HEADER = YES;
				GCC_PREFIX_HEADER = "MapFinder/MapFinder-Prefix.pch";
				INFOPLIST_FILE = "MapFinder/MapFinder-Info.plist";
				PRODUCT_NAME = "$(TARGET_NAME)";
				WRAPPER_EXTENSION = app;
			};
			name = Debug;
		};
		AC796524179FAB2500DBFD3A /* Release */ = {
			isa = XCBuildConfiguration;
			buildSettings = {
				GCC_PRECOMPILE_PREFIX_HEADER = YES;
				GCC_PREFIX_HEADER = "MapFinder/MapFinder-Prefix.pch";
				INFOPLIST_FILE = "MapFinder/MapFinder-Info.plist";
				PRODUCT_NAME = "$(TARGET_NAME)";
				WRAPPER_EXTENSION = app;
			};
			name = Release;
		};
/* End XCBuildConfiguration section */

/* Begin XCConfigurationList section */
		AC7964FA179FAB2500DBFD3A /* Build configuration list for PBXProject "MapFinder" */ = {
			isa = XCConfigurationList;
			buildConfigurations = (
				AC796520179FAB2500DBFD3A /* Debug */,
				AC796521179FAB2500DBFD3A /* Release */,
			);
			defaultConfigurationIsVisible = 0;
			defaultConfigurationName = Release;
		};
		AC796522179FAB2500DBFD3A /* Build configuration list for PBXNativeTarget "MapFinder" */ = {
			isa = XCConfigurationList;
			buildConfigurations = (
				AC796523179FAB2500DBFD3A /* Debug */,
				AC796524179FAB2500DBFD3A /* Release */,
			);
			defaultConfigurationIsVisible = 0;
		};
/* End XCConfigurationList section */
	};
	rootObject = AC7964F7179FAB2500DBFD3A /* Project object */;
}
